
Microsoft Visual Studio Solution File, Format Version 12.00
Project("{FAE04EC0-301F-11D3-BF4B-00C04F79EFBC}") = "Study", "Study\Study.csproj", "{9839389C-8891-4EC3-B246-54C128ADC8AA}"
EndProject
Project("{FAE04EC0-301F-11D3-BF4B-00C04F79EFBC}") = "demo", "demo\demo.csproj", "{56209CD0-A8AE-4A1C-83A2-A0077FE32451}"
EndProject
Project("{FAE04EC0-301F-11D3-BF4B-00C04F79EFBC}") = "demo1", "demo1\demo1.csproj", "{DDA9A5ED-5992-42D5-BC86-C5168074B410}"
EndProject
Project("{FAE04EC0-301F-11D3-BF4B-00C04F79EFBC}") = "demo2", "demo2\demo2.csproj", "{1A97EA5A-BEDC-4F7A-8BD0-E82E2813336E}"
EndProject
Project("{FAE04EC0-301F-11D3-BF4B-00C04F79EFBC}") = "demo3", "demo3\demo3.csproj", "{BF2F9893-933E-4070-9A81-88ED3E37BFBF}"
EndProject
Project("{FAE04EC0-301F-11D3-BF4B-00C04F79EFBC}") = "demo4", "demo4\demo4.csproj", "{FFB0FAF9-F008-4E79-9A77-6BA17640F6C7}"
EndProject
Project("{FAE04EC0-301F-11D3-BF4B-00C04F79EFBC}") = "demo5", "demo5\demo5.csproj", "{A0D828F1-7D23-4D75-B95D-6D58BBCAE391}"
EndProject
Project("{FAE04EC0-301F-11D3-BF4B-00C04F79EFBC}") = "demo6", "demo6\demo6.csproj", "{BFB08258-9A9F-4D64-BF8F-CDB134EA5A43}"
EndProject
Project("{FAE04EC0-301F-11D3-BF4B-00C04F79EFBC}") = "QLSinhVien", "QLSinhVien\QLSinhVien.csproj", "{6AE30F57-FC94-4902-AB03-C1BCB2CFE988}"
EndProject
Project("{FAE04EC0-301F-11D3-BF4B-00C04F79EFBC}") = "QuanLySinhVien", "QuanLySinhVien\QuanLySinhVien.csproj", "{5188EFEE-1C2A-4498-B89F-64B8B97FDA80}"
EndProject
Global
	GlobalSection(SolutionConfigurationPlatforms) = preSolution
		Debug|Any CPU = Debug|Any CPU
		Release|Any CPU = Release|Any CPU
	EndGlobalSection
	GlobalSection(ProjectConfigurationPlatforms) = postSolution
		{9839389C-8891-4EC3-B246-54C128ADC8AA}.Debug|Any CPU.ActiveCfg = Debug|Any CPU
		{9839389C-8891-4EC3-B246-54C128ADC8AA}.Debug|Any CPU.Build.0 = Debug|Any CPU
		{9839389C-8891-4EC3-B246-54C128ADC8AA}.Release|Any CPU.ActiveCfg = Release|Any CPU
		{9839389C-8891-4EC3-B246-54C128ADC8AA}.Release|Any CPU.Build.0 = Release|Any CPU
		{56209CD0-A8AE-4A1C-83A2-A0077FE32451}.Debug|Any CPU.ActiveCfg = Debug|Any CPU
		{56209CD0-A8AE-4A1C-83A2-A0077FE32451}.Debug|Any CPU.Build.0 = Debug|Any CPU
		{56209CD0-A8AE-4A1C-83A2-A0077FE32451}.Release|Any CPU.ActiveCfg = Release|Any CPU
		{56209CD0-A8AE-4A1C-83A2-A0077FE32451}.Release|Any CPU.Build.0 = Release|Any CPU
		{DDA9A5ED-5992-42D5-BC86-C5168074B410}.Debug|Any CPU.ActiveCfg = Debug|Any CPU
		{DDA9A5ED-5992-42D5-BC86-C5168074B410}.Debug|Any CPU.Build.0 = Debug|Any CPU
		{DDA9A5ED-5992-42D5-BC86-C5168074B410}.Release|Any CPU.ActiveCfg = Release|Any CPU
		{DDA9A5ED-5992-42D5-BC86-C5168074B410}.Release|Any CPU.Build.0 = Release|Any CPU
		{1A97EA5A-BEDC-4F7A-8BD0-E82E2813336E}.Debug|Any CPU.ActiveCfg = Debug|Any CPU
		{1A97EA5A-BEDC-4F7A-8BD0-E82E2813336E}.Debug|Any CPU.Build.0 = Debug|Any CPU
		{1A97EA5A-BEDC-4F7A-8BD0-E82E2813336E}.Release|Any CPU.ActiveCfg = Release|Any CPU
		{1A97EA5A-BEDC-4F7A-8BD0-E82E2813336E}.Release|Any CPU.Build.0 = Release|Any CPU
		{BF2F9893-933E-4070-9A81-88ED3E37BFBF}.Debug|Any CPU.ActiveCfg = Debug|Any CPU
		{BF2F9893-933E-4070-9A81-88ED3E37BFBF}.Debug|Any CPU.Build.0 = Debug|Any CPU
		{BF2F9893-933E-4070-9A81-88ED3E37BFBF}.Release|Any CPU.ActiveCfg = Release|Any CPU
		{BF2F9893-933E-4070-9A81-88ED3E37BFBF}.Release|Any CPU.Build.0 = Release|Any CPU
		{FFB0FAF9-F008-4E79-9A77-6BA17640F6C7}.Debug|Any CPU.ActiveCfg = Debug|Any CPU
		{FFB0FAF9-F008-4E79-9A77-6BA17640F6C7}.Debug|Any CPU.Build.0 = Debug|Any CPU
		{FFB0FAF9-F008-4E79-9A77-6BA17640F6C7}.Release|Any CPU.ActiveCfg = Release|Any CPU
		{FFB0FAF9-F008-4E79-9A77-6BA17640F6C7}.Release|Any CPU.Build.0 = Release|Any CPU
		{A0D828F1-7D23-4D75-B95D-6D58BBCAE391}.Debug|Any CPU.ActiveCfg = Debug|Any CPU
		{A0D828F1-7D23-4D75-B95D-6D58BBCAE391}.Debug|Any CPU.Build.0 = Debug|Any CPU
		{A0D828F1-7D23-4D75-B95D-6D58BBCAE391}.Release|Any CPU.ActiveCfg = Release|Any CPU
		{A0D828F1-7D23-4D75-B95D-6D58BBCAE391}.Release|Any CPU.Build.0 = Release|Any CPU
		{BFB08258-9A9F-4D64-BF8F-CDB134EA5A43}.Debug|Any CPU.ActiveCfg = Debug|Any CPU
		{BFB08258-9A9F-4D64-BF8F-CDB134EA5A43}.Debug|Any CPU.Build.0 = Debug|Any CPU
		{BFB08258-9A9F-4D64-BF8F-CDB134EA5A43}.Release|Any CPU.ActiveCfg = Release|Any CPU
		{BFB08258-9A9F-4D64-BF8F-CDB134EA5A43}.Release|Any CPU.Build.0 = Release|Any CPU
		{6AE30F57-FC94-4902-AB03-C1BCB2CFE988}.Debug|Any CPU.ActiveCfg = Debug|Any CPU
		{6AE30F57-FC94-4902-AB03-C1BCB2CFE988}.Debug|Any CPU.Build.0 = Debug|Any CPU
		{6AE30F57-FC94-4902-AB03-C1BCB2CFE988}.Release|Any CPU.ActiveCfg = Release|Any CPU
		{6AE30F57-FC94-4902-AB03-C1BCB2CFE988}.Release|Any CPU.Build.0 = Release|Any CPU
		{5188EFEE-1C2A-4498-B89F-64B8B97FDA80}.Debug|Any CPU.ActiveCfg = Debug|Any CPU
		{5188EFEE-1C2A-4498-B89F-64B8B97FDA80}.Debug|Any CPU.Build.0 = Debug|Any CPU
		{5188EFEE-1C2A-4498-B89F-64B8B97FDA80}.Release|Any CPU.ActiveCfg = Release|Any CPU
		{5188EFEE-1C2A-4498-B89F-64B8B97FDA80}.Release|Any CPU.Build.0 = Release|Any CPU
	EndGlobalSection
EndGlobal
